// !$*UTF8*$!
{
	archiveVersion = 1;
	classes = {
	};
	objectVersion = 46;
	objects = {

/* Begin PBXBuildFile section */
		3684E22D06E6F163643F6CF0 /* Pods_OkDataSourcesExample.framework in Frameworks */ = {isa = PBXBuildFile; fileRef = 3B41FF9E1F3A61C7383CCD6A /* Pods_OkDataSourcesExample.framework */; };
		A21D68791CCAC82200409B22 /* RxTableViewController.swift in Sources */ = {isa = PBXBuildFile; fileRef = A21D68781CCAC82200409B22 /* RxTableViewController.swift */; };
		A21D687B1CCAC96000409B22 /* RxCollectionViewController.swift in Sources */ = {isa = PBXBuildFile; fileRef = A21D687A1CCAC96000409B22 /* RxCollectionViewController.swift */; };
		A22ADB4F1D907AEA001252AD /* OkCollectionViewDataSource.swift in Sources */ = {isa = PBXBuildFile; fileRef = A22ADB421D907AEA001252AD /* OkCollectionViewDataSource.swift */; };
		A22ADB501D907AEA001252AD /* OkCollectionViewDelegate.swift in Sources */ = {isa = PBXBuildFile; fileRef = A22ADB431D907AEA001252AD /* OkCollectionViewDelegate.swift */; };
		A22ADB511D907AEA001252AD /* OkPagerView.swift in Sources */ = {isa = PBXBuildFile; fileRef = A22ADB441D907AEA001252AD /* OkPagerView.swift */; };
		A22ADB521D907AEA001252AD /* OkSlidingTabs.swift in Sources */ = {isa = PBXBuildFile; fileRef = A22ADB451D907AEA001252AD /* OkSlidingTabs.swift */; };
		A22ADB531D907AEA001252AD /* OkTableViewDataSource.swift in Sources */ = {isa = PBXBuildFile; fileRef = A22ADB461D907AEA001252AD /* OkTableViewDataSource.swift */; };
		A22ADB541D907AEA001252AD /* OkTableViewDelegate.swift in Sources */ = {isa = PBXBuildFile; fileRef = A22ADB471D907AEA001252AD /* OkTableViewDelegate.swift */; };
		A22ADB551D907AEA001252AD /* OkViewCell.swift in Sources */ = {isa = PBXBuildFile; fileRef = A22ADB481D907AEA001252AD /* OkViewCell.swift */; };
		A22ADB561D907AEA001252AD /* OkViewDataSource.swift in Sources */ = {isa = PBXBuildFile; fileRef = A22ADB491D907AEA001252AD /* OkViewDataSource.swift */; };
		A22ADB571D907AEA001252AD /* OkViewDelegate.swift in Sources */ = {isa = PBXBuildFile; fileRef = A22ADB4A1D907AEA001252AD /* OkViewDelegate.swift */; };
		A22ADB581D907AEA001252AD /* OkRxCollectionViewDelegate.swift in Sources */ = {isa = PBXBuildFile; fileRef = A22ADB4C1D907AEA001252AD /* OkRxCollectionViewDelegate.swift */; };
		A22ADB591D907AEA001252AD /* OkRxTableViewDelegate.swift in Sources */ = {isa = PBXBuildFile; fileRef = A22ADB4D1D907AEA001252AD /* OkRxTableViewDelegate.swift */; };
		A22ADB5A1D907AEA001252AD /* OkRxViewDelegate.swift in Sources */ = {isa = PBXBuildFile; fileRef = A22ADB4E1D907AEA001252AD /* OkRxViewDelegate.swift */; };
		A2568FE91CE530160031A250 /* PagerViewController.swift in Sources */ = {isa = PBXBuildFile; fileRef = A2568FE81CE530160031A250 /* PagerViewController.swift */; };
		A2568FEB1CE530220031A250 /* SinglePageViewController.swift in Sources */ = {isa = PBXBuildFile; fileRef = A2568FEA1CE530220031A250 /* SinglePageViewController.swift */; };
		A26C7A221CB81783004192D9 /* AppDelegate.swift in Sources */ = {isa = PBXBuildFile; fileRef = A26C7A211CB81783004192D9 /* AppDelegate.swift */; };
		A26C7A271CB81783004192D9 /* Main.storyboard in Resources */ = {isa = PBXBuildFile; fileRef = A26C7A251CB81783004192D9 /* Main.storyboard */; };
		A26C7A291CB81783004192D9 /* Assets.xcassets in Resources */ = {isa = PBXBuildFile; fileRef = A26C7A281CB81783004192D9 /* Assets.xcassets */; };
		A26C7A2C1CB81783004192D9 /* LaunchScreen.storyboard in Resources */ = {isa = PBXBuildFile; fileRef = A26C7A2A1CB81783004192D9 /* LaunchScreen.storyboard */; };
		A26C7A371CB81783004192D9 /* OkDataSourcesExampleTests.swift in Sources */ = {isa = PBXBuildFile; fileRef = A26C7A361CB81783004192D9 /* OkDataSourcesExampleTests.swift */; };
		A26C7A421CB81783004192D9 /* OkDataSourcesExampleUITests.swift in Sources */ = {isa = PBXBuildFile; fileRef = A26C7A411CB81783004192D9 /* OkDataSourcesExampleUITests.swift */; };
		A26C7A5A1CB817B0004192D9 /* UIViewController+ShowAlertMessage.swift in Sources */ = {isa = PBXBuildFile; fileRef = A26C7A501CB817B0004192D9 /* UIViewController+ShowAlertMessage.swift */; };
		A26C7A5B1CB817B0004192D9 /* Item.swift in Sources */ = {isa = PBXBuildFile; fileRef = A26C7A521CB817B0004192D9 /* Item.swift */; };
		A26C7A5C1CB817B0004192D9 /* CollectionViewController.swift in Sources */ = {isa = PBXBuildFile; fileRef = A26C7A541CB817B0004192D9 /* CollectionViewController.swift */; };
		A26C7A5D1CB817B0004192D9 /* TableViewController.swift in Sources */ = {isa = PBXBuildFile; fileRef = A26C7A551CB817B0004192D9 /* TableViewController.swift */; };
		A26C7A5E1CB817B0004192D9 /* ViewController.swift in Sources */ = {isa = PBXBuildFile; fileRef = A26C7A561CB817B0004192D9 /* ViewController.swift */; };
		A26C7A5F1CB817B0004192D9 /* CollectionViewCell.swift in Sources */ = {isa = PBXBuildFile; fileRef = A26C7A581CB817B0004192D9 /* CollectionViewCell.swift */; };
		A26C7A601CB817B0004192D9 /* TableViewCell.swift in Sources */ = {isa = PBXBuildFile; fileRef = A26C7A591CB817B0004192D9 /* TableViewCell.swift */; };
/* End PBXBuildFile section */

/* Begin PBXContainerItemProxy section */
		A26C7A331CB81783004192D9 /* PBXContainerItemProxy */ = {
			isa = PBXContainerItemProxy;
			containerPortal = A26C7A161CB81783004192D9 /* Project object */;
			proxyType = 1;
			remoteGlobalIDString = A26C7A1D1CB81783004192D9;
			remoteInfo = OkDataSourcesExample;
		};
		A26C7A3E1CB81783004192D9 /* PBXContainerItemProxy */ = {
			isa = PBXContainerItemProxy;
			containerPortal = A26C7A161CB81783004192D9 /* Project object */;
			proxyType = 1;
			remoteGlobalIDString = A26C7A1D1CB81783004192D9;
			remoteInfo = OkDataSourcesExample;
		};
/* End PBXContainerItemProxy section */

/* Begin PBXFileReference section */
		3B41FF9E1F3A61C7383CCD6A /* Pods_OkDataSourcesExample.framework */ = {isa = PBXFileReference; explicitFileType = wrapper.framework; includeInIndex = 0; path = Pods_OkDataSourcesExample.framework; sourceTree = BUILT_PRODUCTS_DIR; };
		660204F858FA3CF45C6AABFE /* Pods-OkDataSourcesExample.release.xcconfig */ = {isa = PBXFileReference; includeInIndex = 1; lastKnownFileType = text.xcconfig; name = "Pods-OkDataSourcesExample.release.xcconfig"; path = "Pods/Target Support Files/Pods-OkDataSourcesExample/Pods-OkDataSourcesExample.release.xcconfig"; sourceTree = "<group>"; };
		A21D68781CCAC82200409B22 /* RxTableViewController.swift */ = {isa = PBXFileReference; fileEncoding = 4; lastKnownFileType = sourcecode.swift; path = RxTableViewController.swift; sourceTree = "<group>"; };
		A21D687A1CCAC96000409B22 /* RxCollectionViewController.swift */ = {isa = PBXFileReference; fileEncoding = 4; lastKnownFileType = sourcecode.swift; path = RxCollectionViewController.swift; sourceTree = "<group>"; };
		A22ADB421D907AEA001252AD /* OkCollectionViewDataSource.swift */ = {isa = PBXFileReference; fileEncoding = 4; lastKnownFileType = sourcecode.swift; path = OkCollectionViewDataSource.swift; sourceTree = "<group>"; };
		A22ADB431D907AEA001252AD /* OkCollectionViewDelegate.swift */ = {isa = PBXFileReference; fileEncoding = 4; lastKnownFileType = sourcecode.swift; path = OkCollectionViewDelegate.swift; sourceTree = "<group>"; };
		A22ADB441D907AEA001252AD /* OkPagerView.swift */ = {isa = PBXFileReference; fileEncoding = 4; lastKnownFileType = sourcecode.swift; path = OkPagerView.swift; sourceTree = "<group>"; };
		A22ADB451D907AEA001252AD /* OkSlidingTabs.swift */ = {isa = PBXFileReference; fileEncoding = 4; lastKnownFileType = sourcecode.swift; path = OkSlidingTabs.swift; sourceTree = "<group>"; };
		A22ADB461D907AEA001252AD /* OkTableViewDataSource.swift */ = {isa = PBXFileReference; fileEncoding = 4; lastKnownFileType = sourcecode.swift; path = OkTableViewDataSource.swift; sourceTree = "<group>"; };
		A22ADB471D907AEA001252AD /* OkTableViewDelegate.swift */ = {isa = PBXFileReference; fileEncoding = 4; lastKnownFileType = sourcecode.swift; path = OkTableViewDelegate.swift; sourceTree = "<group>"; };
		A22ADB481D907AEA001252AD /* OkViewCell.swift */ = {isa = PBXFileReference; fileEncoding = 4; lastKnownFileType = sourcecode.swift; path = OkViewCell.swift; sourceTree = "<group>"; };
		A22ADB491D907AEA001252AD /* OkViewDataSource.swift */ = {isa = PBXFileReference; fileEncoding = 4; lastKnownFileType = sourcecode.swift; path = OkViewDataSource.swift; sourceTree = "<group>"; };
		A22ADB4A1D907AEA001252AD /* OkViewDelegate.swift */ = {isa = PBXFileReference; fileEncoding = 4; lastKnownFileType = sourcecode.swift; path = OkViewDelegate.swift; sourceTree = "<group>"; };
		A22ADB4C1D907AEA001252AD /* OkRxCollectionViewDelegate.swift */ = {isa = PBXFileReference; fileEncoding = 4; lastKnownFileType = sourcecode.swift; path = OkRxCollectionViewDelegate.swift; sourceTree = "<group>"; };
		A22ADB4D1D907AEA001252AD /* OkRxTableViewDelegate.swift */ = {isa = PBXFileReference; fileEncoding = 4; lastKnownFileType = sourcecode.swift; path = OkRxTableViewDelegate.swift; sourceTree = "<group>"; };
		A22ADB4E1D907AEA001252AD /* OkRxViewDelegate.swift */ = {isa = PBXFileReference; fileEncoding = 4; lastKnownFileType = sourcecode.swift; path = OkRxViewDelegate.swift; sourceTree = "<group>"; };
		A2568FE81CE530160031A250 /* PagerViewController.swift */ = {isa = PBXFileReference; fileEncoding = 4; lastKnownFileType = sourcecode.swift; path = PagerViewController.swift; sourceTree = "<group>"; };
		A2568FEA1CE530220031A250 /* SinglePageViewController.swift */ = {isa = PBXFileReference; fileEncoding = 4; lastKnownFileType = sourcecode.swift; path = SinglePageViewController.swift; sourceTree = "<group>"; };
		A26C7A1E1CB81783004192D9 /* OkDataSourcesExample.app */ = {isa = PBXFileReference; explicitFileType = wrapper.application; includeInIndex = 0; path = OkDataSourcesExample.app; sourceTree = BUILT_PRODUCTS_DIR; };
		A26C7A211CB81783004192D9 /* AppDelegate.swift */ = {isa = PBXFileReference; lastKnownFileType = sourcecode.swift; path = AppDelegate.swift; sourceTree = "<group>"; };
		A26C7A261CB81783004192D9 /* Base */ = {isa = PBXFileReference; lastKnownFileType = file.storyboard; name = Base; path = Base.lproj/Main.storyboard; sourceTree = "<group>"; };
		A26C7A281CB81783004192D9 /* Assets.xcassets */ = {isa = PBXFileReference; lastKnownFileType = folder.assetcatalog; path = Assets.xcassets; sourceTree = "<group>"; };
		A26C7A2B1CB81783004192D9 /* Base */ = {isa = PBXFileReference; lastKnownFileType = file.storyboard; name = Base; path = Base.lproj/LaunchScreen.storyboard; sourceTree = "<group>"; };
		A26C7A2D1CB81783004192D9 /* Info.plist */ = {isa = PBXFileReference; lastKnownFileType = text.plist.xml; path = Info.plist; sourceTree = "<group>"; };
		A26C7A321CB81783004192D9 /* OkDataSourcesExampleTests.xctest */ = {isa = PBXFileReference; explicitFileType = wrapper.cfbundle; includeInIndex = 0; path = OkDataSourcesExampleTests.xctest; sourceTree = BUILT_PRODUCTS_DIR; };
		A26C7A361CB81783004192D9 /* OkDataSourcesExampleTests.swift */ = {isa = PBXFileReference; lastKnownFileType = sourcecode.swift; path = OkDataSourcesExampleTests.swift; sourceTree = "<group>"; };
		A26C7A381CB81783004192D9 /* Info.plist */ = {isa = PBXFileReference; lastKnownFileType = text.plist.xml; path = Info.plist; sourceTree = "<group>"; };
		A26C7A3D1CB81783004192D9 /* OkDataSourcesExampleUITests.xctest */ = {isa = PBXFileReference; explicitFileType = wrapper.cfbundle; includeInIndex = 0; path = OkDataSourcesExampleUITests.xctest; sourceTree = BUILT_PRODUCTS_DIR; };
		A26C7A411CB81783004192D9 /* OkDataSourcesExampleUITests.swift */ = {isa = PBXFileReference; lastKnownFileType = sourcecode.swift; path = OkDataSourcesExampleUITests.swift; sourceTree = "<group>"; };
		A26C7A431CB81783004192D9 /* Info.plist */ = {isa = PBXFileReference; lastKnownFileType = text.plist.xml; path = Info.plist; sourceTree = "<group>"; };
		A26C7A501CB817B0004192D9 /* UIViewController+ShowAlertMessage.swift */ = {isa = PBXFileReference; fileEncoding = 4; lastKnownFileType = sourcecode.swift; path = "UIViewController+ShowAlertMessage.swift"; sourceTree = "<group>"; };
		A26C7A521CB817B0004192D9 /* Item.swift */ = {isa = PBXFileReference; fileEncoding = 4; lastKnownFileType = sourcecode.swift; path = Item.swift; sourceTree = "<group>"; };
		A26C7A541CB817B0004192D9 /* CollectionViewController.swift */ = {isa = PBXFileReference; fileEncoding = 4; lastKnownFileType = sourcecode.swift; path = CollectionViewController.swift; sourceTree = "<group>"; };
		A26C7A551CB817B0004192D9 /* TableViewController.swift */ = {isa = PBXFileReference; fileEncoding = 4; lastKnownFileType = sourcecode.swift; path = TableViewController.swift; sourceTree = "<group>"; };
		A26C7A561CB817B0004192D9 /* ViewController.swift */ = {isa = PBXFileReference; fileEncoding = 4; lastKnownFileType = sourcecode.swift; path = ViewController.swift; sourceTree = "<group>"; };
		A26C7A581CB817B0004192D9 /* CollectionViewCell.swift */ = {isa = PBXFileReference; fileEncoding = 4; lastKnownFileType = sourcecode.swift; path = CollectionViewCell.swift; sourceTree = "<group>"; };
		A26C7A591CB817B0004192D9 /* TableViewCell.swift */ = {isa = PBXFileReference; fileEncoding = 4; lastKnownFileType = sourcecode.swift; path = TableViewCell.swift; sourceTree = "<group>"; };
		D8F6D9B57AE33CD4E0C9724A /* Pods-OkDataSourcesExample.debug.xcconfig */ = {isa = PBXFileReference; includeInIndex = 1; lastKnownFileType = text.xcconfig; name = "Pods-OkDataSourcesExample.debug.xcconfig"; path = "Pods/Target Support Files/Pods-OkDataSourcesExample/Pods-OkDataSourcesExample.debug.xcconfig"; sourceTree = "<group>"; };
/* End PBXFileReference section */

/* Begin PBXFrameworksBuildPhase section */
		A26C7A1B1CB81783004192D9 /* Frameworks */ = {
			isa = PBXFrameworksBuildPhase;
			buildActionMask = 2147483647;
			files = (
				3684E22D06E6F163643F6CF0 /* Pods_OkDataSourcesExample.framework in Frameworks */,
			);
			runOnlyForDeploymentPostprocessing = 0;
		};
		A26C7A2F1CB81783004192D9 /* Frameworks */ = {
			isa = PBXFrameworksBuildPhase;
			buildActionMask = 2147483647;
			files = (
			);
			runOnlyForDeploymentPostprocessing = 0;
		};
		A26C7A3A1CB81783004192D9 /* Frameworks */ = {
			isa = PBXFrameworksBuildPhase;
			buildActionMask = 2147483647;
			files = (
			);
			runOnlyForDeploymentPostprocessing = 0;
		};
/* End PBXFrameworksBuildPhase section */

/* Begin PBXGroup section */
		0E4EE15405FCC60B84B4B07B /* Frameworks */ = {
			isa = PBXGroup;
			children = (
				3B41FF9E1F3A61C7383CCD6A /* Pods_OkDataSourcesExample.framework */,
			);
			name = Frameworks;
			sourceTree = "<group>";
		};
		A22ADB411D907AEA001252AD /* Library */ = {
			isa = PBXGroup;
			children = (
				A22ADB4B1D907AEA001252AD /* RxSwift */,
				A22ADB421D907AEA001252AD /* OkCollectionViewDataSource.swift */,
				A22ADB431D907AEA001252AD /* OkCollectionViewDelegate.swift */,
				A22ADB441D907AEA001252AD /* OkPagerView.swift */,
				A22ADB451D907AEA001252AD /* OkSlidingTabs.swift */,
				A22ADB461D907AEA001252AD /* OkTableViewDataSource.swift */,
				A22ADB471D907AEA001252AD /* OkTableViewDelegate.swift */,
				A22ADB481D907AEA001252AD /* OkViewCell.swift */,
				A22ADB491D907AEA001252AD /* OkViewDataSource.swift */,
				A22ADB4A1D907AEA001252AD /* OkViewDelegate.swift */,
			);
			name = Library;
			path = ../../Library;
			sourceTree = "<group>";
		};
		A22ADB4B1D907AEA001252AD /* RxSwift */ = {
			isa = PBXGroup;
			children = (
				A22ADB4C1D907AEA001252AD /* OkRxCollectionViewDelegate.swift */,
				A22ADB4D1D907AEA001252AD /* OkRxTableViewDelegate.swift */,
				A22ADB4E1D907AEA001252AD /* OkRxViewDelegate.swift */,
			);
			path = RxSwift;
			sourceTree = "<group>";
		};
		A26C7A151CB81783004192D9 = {
			isa = PBXGroup;
			children = (
				A26C7A201CB81783004192D9 /* OkDataSourcesExample */,
				A26C7A351CB81783004192D9 /* OkDataSourcesExampleTests */,
				A26C7A401CB81783004192D9 /* OkDataSourcesExampleUITests */,
				A26C7A1F1CB81783004192D9 /* Products */,
				D149E657073BEE1317158AA9 /* Pods */,
				0E4EE15405FCC60B84B4B07B /* Frameworks */,
			);
			sourceTree = "<group>";
		};
		A26C7A1F1CB81783004192D9 /* Products */ = {
			isa = PBXGroup;
			children = (
				A26C7A1E1CB81783004192D9 /* OkDataSourcesExample.app */,
				A26C7A321CB81783004192D9 /* OkDataSourcesExampleTests.xctest */,
				A26C7A3D1CB81783004192D9 /* OkDataSourcesExampleUITests.xctest */,
			);
			name = Products;
			sourceTree = "<group>";
		};
		A26C7A201CB81783004192D9 /* OkDataSourcesExample */ = {
			isa = PBXGroup;
			children = (
				A22ADB411D907AEA001252AD /* Library */,
				A26C7A4F1CB817B0004192D9 /* Extensions */,
				A26C7A511CB817B0004192D9 /* Models */,
				A26C7A531CB817B0004192D9 /* ViewControllers */,
				A26C7A571CB817B0004192D9 /* Views */,
				A26C7A211CB81783004192D9 /* AppDelegate.swift */,
				A26C7A251CB81783004192D9 /* Main.storyboard */,
				A26C7A281CB81783004192D9 /* Assets.xcassets */,
				A26C7A2A1CB81783004192D9 /* LaunchScreen.storyboard */,
				A26C7A2D1CB81783004192D9 /* Info.plist */,
			);
			path = OkDataSourcesExample;
			sourceTree = "<group>";
		};
		A26C7A351CB81783004192D9 /* OkDataSourcesExampleTests */ = {
			isa = PBXGroup;
			children = (
				A26C7A361CB81783004192D9 /* OkDataSourcesExampleTests.swift */,
				A26C7A381CB81783004192D9 /* Info.plist */,
			);
			path = OkDataSourcesExampleTests;
			sourceTree = "<group>";
		};
		A26C7A401CB81783004192D9 /* OkDataSourcesExampleUITests */ = {
			isa = PBXGroup;
			children = (
				A26C7A411CB81783004192D9 /* OkDataSourcesExampleUITests.swift */,
				A26C7A431CB81783004192D9 /* Info.plist */,
			);
			path = OkDataSourcesExampleUITests;
			sourceTree = "<group>";
		};
		A26C7A4F1CB817B0004192D9 /* Extensions */ = {
			isa = PBXGroup;
			children = (
				A26C7A501CB817B0004192D9 /* UIViewController+ShowAlertMessage.swift */,
			);
			path = Extensions;
			sourceTree = "<group>";
		};
		A26C7A511CB817B0004192D9 /* Models */ = {
			isa = PBXGroup;
			children = (
				A26C7A521CB817B0004192D9 /* Item.swift */,
			);
			path = Models;
			sourceTree = "<group>";
		};
		A26C7A531CB817B0004192D9 /* ViewControllers */ = {
			isa = PBXGroup;
			children = (
				A26C7A541CB817B0004192D9 /* CollectionViewController.swift */,
				A26C7A551CB817B0004192D9 /* TableViewController.swift */,
				A26C7A561CB817B0004192D9 /* ViewController.swift */,
				A21D68781CCAC82200409B22 /* RxTableViewController.swift */,
				A21D687A1CCAC96000409B22 /* RxCollectionViewController.swift */,
				A2568FE81CE530160031A250 /* PagerViewController.swift */,
				A2568FEA1CE530220031A250 /* SinglePageViewController.swift */,
			);
			path = ViewControllers;
			sourceTree = "<group>";
		};
		A26C7A571CB817B0004192D9 /* Views */ = {
			isa = PBXGroup;
			children = (
				A26C7A581CB817B0004192D9 /* CollectionViewCell.swift */,
				A26C7A591CB817B0004192D9 /* TableViewCell.swift */,
			);
			path = Views;
			sourceTree = "<group>";
		};
		D149E657073BEE1317158AA9 /* Pods */ = {
			isa = PBXGroup;
			children = (
				D8F6D9B57AE33CD4E0C9724A /* Pods-OkDataSourcesExample.debug.xcconfig */,
				660204F858FA3CF45C6AABFE /* Pods-OkDataSourcesExample.release.xcconfig */,
			);
			name = Pods;
			sourceTree = "<group>";
		};
/* End PBXGroup section */

/* Begin PBXNativeTarget section */
		A26C7A1D1CB81783004192D9 /* OkDataSourcesExample */ = {
			isa = PBXNativeTarget;
			buildConfigurationList = A26C7A461CB81783004192D9 /* Build configuration list for PBXNativeTarget "OkDataSourcesExample" */;
			buildPhases = (
				C434CE5DF208F58712B7E08A /* 📦 Check Pods Manifest.lock */,
				A26C7A1A1CB81783004192D9 /* Sources */,
				A26C7A1B1CB81783004192D9 /* Frameworks */,
				A26C7A1C1CB81783004192D9 /* Resources */,
				76FCF35FDF030BED7407ECCB /* 📦 Embed Pods Frameworks */,
				7D9A9FB35E10E41B04D1C106 /* 📦 Copy Pods Resources */,
			);
			buildRules = (
			);
			dependencies = (
			);
			name = OkDataSourcesExample;
			productName = OkDataSourcesExample;
			productReference = A26C7A1E1CB81783004192D9 /* OkDataSourcesExample.app */;
			productType = "com.apple.product-type.application";
		};
		A26C7A311CB81783004192D9 /* OkDataSourcesExampleTests */ = {
			isa = PBXNativeTarget;
			buildConfigurationList = A26C7A491CB81783004192D9 /* Build configuration list for PBXNativeTarget "OkDataSourcesExampleTests" */;
			buildPhases = (
				A26C7A2E1CB81783004192D9 /* Sources */,
				A26C7A2F1CB81783004192D9 /* Frameworks */,
				A26C7A301CB81783004192D9 /* Resources */,
			);
			buildRules = (
			);
			dependencies = (
				A26C7A341CB81783004192D9 /* PBXTargetDependency */,
			);
			name = OkDataSourcesExampleTests;
			productName = OkDataSourcesExampleTests;
			productReference = A26C7A321CB81783004192D9 /* OkDataSourcesExampleTests.xctest */;
			productType = "com.apple.product-type.bundle.unit-test";
		};
		A26C7A3C1CB81783004192D9 /* OkDataSourcesExampleUITests */ = {
			isa = PBXNativeTarget;
			buildConfigurationList = A26C7A4C1CB81783004192D9 /* Build configuration list for PBXNativeTarget "OkDataSourcesExampleUITests" */;
			buildPhases = (
				A26C7A391CB81783004192D9 /* Sources */,
				A26C7A3A1CB81783004192D9 /* Frameworks */,
				A26C7A3B1CB81783004192D9 /* Resources */,
			);
			buildRules = (
			);
			dependencies = (
				A26C7A3F1CB81783004192D9 /* PBXTargetDependency */,
			);
			name = OkDataSourcesExampleUITests;
			productName = OkDataSourcesExampleUITests;
			productReference = A26C7A3D1CB81783004192D9 /* OkDataSourcesExampleUITests.xctest */;
			productType = "com.apple.product-type.bundle.ui-testing";
		};
/* End PBXNativeTarget section */

/* Begin PBXProject section */
		A26C7A161CB81783004192D9 /* Project object */ = {
			isa = PBXProject;
			attributes = {
				LastSwiftUpdateCheck = 0720;
				LastUpgradeCheck = 0800;
				ORGANIZATIONNAME = "Roberto Frontado";
				TargetAttributes = {
					A26C7A1D1CB81783004192D9 = {
						CreatedOnToolsVersion = 7.2;
						LastSwiftMigration = 0800;
					};
					A26C7A311CB81783004192D9 = {
						CreatedOnToolsVersion = 7.2;
						LastSwiftMigration = 0800;
						TestTargetID = A26C7A1D1CB81783004192D9;
					};
					A26C7A3C1CB81783004192D9 = {
						CreatedOnToolsVersion = 7.2;
						LastSwiftMigration = 0800;
						TestTargetID = A26C7A1D1CB81783004192D9;
					};
				};
			};
			buildConfigurationList = A26C7A191CB81783004192D9 /* Build configuration list for PBXProject "OkDataSourcesExample" */;
			compatibilityVersion = "Xcode 3.2";
			developmentRegion = English;
			hasScannedForEncodings = 0;
			knownRegions = (
				en,
				Base,
			);
			mainGroup = A26C7A151CB81783004192D9;
			productRefGroup = A26C7A1F1CB81783004192D9 /* Products */;
			projectDirPath = "";
			projectRoot = "";
			targets = (
				A26C7A1D1CB81783004192D9 /* OkDataSourcesExample */,
				A26C7A311CB81783004192D9 /* OkDataSourcesExampleTests */,
				A26C7A3C1CB81783004192D9 /* OkDataSourcesExampleUITests */,
			);
		};
/* End PBXProject section */

/* Begin PBXResourcesBuildPhase section */
		A26C7A1C1CB81783004192D9 /* Resources */ = {
			isa = PBXResourcesBuildPhase;
			buildActionMask = 2147483647;
			files = (
				A26C7A2C1CB81783004192D9 /* LaunchScreen.storyboard in Resources */,
				A26C7A291CB81783004192D9 /* Assets.xcassets in Resources */,
				A26C7A271CB81783004192D9 /* Main.storyboard in Resources */,
			);
			runOnlyForDeploymentPostprocessing = 0;
		};
		A26C7A301CB81783004192D9 /* Resources */ = {
			isa = PBXResourcesBuildPhase;
			buildActionMask = 2147483647;
			files = (
			);
			runOnlyForDeploymentPostprocessing = 0;
		};
		A26C7A3B1CB81783004192D9 /* Resources */ = {
			isa = PBXResourcesBuildPhase;
			buildActionMask = 2147483647;
			files = (
			);
			runOnlyForDeploymentPostprocessing = 0;
		};
/* End PBXResourcesBuildPhase section */

/* Begin PBXShellScriptBuildPhase section */
		76FCF35FDF030BED7407ECCB /* 📦 Embed Pods Frameworks */ = {
			isa = PBXShellScriptBuildPhase;
			buildActionMask = 2147483647;
			files = (
			);
			inputPaths = (
			);
			name = "📦 Embed Pods Frameworks";
			outputPaths = (
			);
			runOnlyForDeploymentPostprocessing = 0;
			shellPath = /bin/sh;
			shellScript = "\"${SRCROOT}/Pods/Target Support Files/Pods-OkDataSourcesExample/Pods-OkDataSourcesExample-frameworks.sh\"\n";
			showEnvVarsInLog = 0;
		};
		7D9A9FB35E10E41B04D1C106 /* 📦 Copy Pods Resources */ = {
			isa = PBXShellScriptBuildPhase;
			buildActionMask = 2147483647;
			files = (
			);
			inputPaths = (
			);
			name = "📦 Copy Pods Resources";
			outputPaths = (
			);
			runOnlyForDeploymentPostprocessing = 0;
			shellPath = /bin/sh;
			shellScript = "\"${SRCROOT}/Pods/Target Support Files/Pods-OkDataSourcesExample/Pods-OkDataSourcesExample-resources.sh\"\n";
			showEnvVarsInLog = 0;
		};
		C434CE5DF208F58712B7E08A /* 📦 Check Pods Manifest.lock */ = {
			isa = PBXShellScriptBuildPhase;
			buildActionMask = 2147483647;
			files = (
			);
			inputPaths = (
			);
			name = "📦 Check Pods Manifest.lock";
			outputPaths = (
			);
			runOnlyForDeploymentPostprocessing = 0;
			shellPath = /bin/sh;
			shellScript = "diff \"${PODS_ROOT}/../Podfile.lock\" \"${PODS_ROOT}/Manifest.lock\" > /dev/null\nif [[ $? != 0 ]] ; then\n    cat << EOM\nerror: The sandbox is not in sync with the Podfile.lock. Run 'pod install' or update your CocoaPods installation.\nEOM\n    exit 1\nfi\n";
			showEnvVarsInLog = 0;
		};
/* End PBXShellScriptBuildPhase section */

/* Begin PBXSourcesBuildPhase section */
		A26C7A1A1CB81783004192D9 /* Sources */ = {
			isa = PBXSourcesBuildPhase;
			buildActionMask = 2147483647;
			files = (
				A26C7A5B1CB817B0004192D9 /* Item.swift in Sources */,
				A26C7A5D1CB817B0004192D9 /* TableViewController.swift in Sources */,
				A26C7A5F1CB817B0004192D9 /* CollectionViewCell.swift in Sources */,
				A22ADB5A1D907AEA001252AD /* OkRxViewDelegate.swift in Sources */,
				A26C7A601CB817B0004192D9 /* TableViewCell.swift in Sources */,
				A22ADB581D907AEA001252AD /* OkRxCollectionViewDelegate.swift in Sources */,
				A21D687B1CCAC96000409B22 /* RxCollectionViewController.swift in Sources */,
				A22ADB551D907AEA001252AD /* OkViewCell.swift in Sources */,
				A22ADB591D907AEA001252AD /* OkRxTableViewDelegate.swift in Sources */,
				A26C7A5A1CB817B0004192D9 /* UIViewController+ShowAlertMessage.swift in Sources */,
				A22ADB541D907AEA001252AD /* OkTableViewDelegate.swift in Sources */,
				A2568FEB1CE530220031A250 /* SinglePageViewController.swift in Sources */,
				A2568FE91CE530160031A250 /* PagerViewController.swift in Sources */,
				A26C7A5E1CB817B0004192D9 /* ViewController.swift in Sources */,
				A21D68791CCAC82200409B22 /* RxTableViewController.swift in Sources */,
				A22ADB531D907AEA001252AD /* OkTableViewDataSource.swift in Sources */,
				A22ADB561D907AEA001252AD /* OkViewDataSource.swift in Sources */,
				A26C7A221CB81783004192D9 /* AppDelegate.swift in Sources */,
				A22ADB501D907AEA001252AD /* OkCollectionViewDelegate.swift in Sources */,
				A22ADB521D907AEA001252AD /* OkSlidingTabs.swift in Sources */,
				A26C7A5C1CB817B0004192D9 /* CollectionViewController.swift in Sources */,
				A22ADB571D907AEA001252AD /* OkViewDelegate.swift in Sources */,
				A22ADB511D907AEA001252AD /* OkPagerView.swift in Sources */,
				A22ADB4F1D907AEA001252AD /* OkCollectionViewDataSource.swift in Sources */,
			);
			runOnlyForDeploymentPostprocessing = 0;
		};
		A26C7A2E1CB81783004192D9 /* Sources */ = {
			isa = PBXSourcesBuildPhase;
			buildActionMask = 2147483647;
			files = (
				A26C7A371CB81783004192D9 /* OkDataSourcesExampleTests.swift in Sources */,
			);
			runOnlyForDeploymentPostprocessing = 0;
		};
		A26C7A391CB81783004192D9 /* Sources */ = {
			isa = PBXSourcesBuildPhase;
			buildActionMask = 2147483647;
			files = (
				A26C7A421CB81783004192D9 /* OkDataSourcesExampleUITests.swift in Sources */,
			);
			runOnlyForDeploymentPostprocessing = 0;
		};
/* End PBXSourcesBuildPhase section */

/* Begin PBXTargetDependency section */
		A26C7A341CB81783004192D9 /* PBXTargetDependency */ = {
			isa = PBXTargetDependency;
			target = A26C7A1D1CB81783004192D9 /* OkDataSourcesExample */;
			targetProxy = A26C7A331CB81783004192D9 /* PBXContainerItemProxy */;
		};
		A26C7A3F1CB81783004192D9 /* PBXTargetDependency */ = {
			isa = PBXTargetDependency;
			target = A26C7A1D1CB81783004192D9 /* OkDataSourcesExample */;
			targetProxy = A26C7A3E1CB81783004192D9 /* PBXContainerItemProxy */;
		};
/* End PBXTargetDependency section */

/* Begin PBXVariantGroup section */
		A26C7A251CB81783004192D9 /* Main.storyboard */ = {
			isa = PBXVariantGroup;
			children = (
				A26C7A261CB81783004192D9 /* Base */,
			);
			name = Main.storyboard;
			sourceTree = "<group>";
		};
		A26C7A2A1CB81783004192D9 /* LaunchScreen.storyboard */ = {
			isa = PBXVariantGroup;
			children = (
				A26C7A2B1CB81783004192D9 /* Base */,
			);
			name = LaunchScreen.storyboard;
			sourceTree = "<group>";
		};
/* End PBXVariantGroup section */

/* Begin XCBuildConfiguration section */
		A26C7A441CB81783004192D9 /* Debug */ = {
			isa = XCBuildConfiguration;
			buildSettings = {
				ALWAYS_SEARCH_USER_PATHS = NO;
				CLANG_CXX_LANGUAGE_STANDARD = "gnu++0x";
				CLANG_CXX_LIBRARY = "libc++";
				CLANG_ENABLE_MODULES = YES;
				CLANG_ENABLE_OBJC_ARC = YES;
				CLANG_WARN_BOOL_CONVERSION = YES;
				CLANG_WARN_CONSTANT_CONVERSION = YES;
				CLANG_WARN_DIRECT_OBJC_ISA_USAGE = YES_ERROR;
				CLANG_WARN_EMPTY_BODY = YES;
				CLANG_WARN_ENUM_CONVERSION = YES;
				CLANG_WARN_INFINITE_RECURSION = YES;
				CLANG_WARN_INT_CONVERSION = YES;
				CLANG_WARN_OBJC_ROOT_CLASS = YES_ERROR;
				CLANG_WARN_SUSPICIOUS_MOVE = YES;
				CLANG_WARN_UNREACHABLE_CODE = YES;
				CLANG_WARN__DUPLICATE_METHOD_MATCH = YES;
				"CODE_SIGN_IDENTITY[sdk=iphoneos*]" = "iPhone Developer";
				COPY_PHASE_STRIP = NO;
				DEBUG_INFORMATION_FORMAT = dwarf;
				ENABLE_STRICT_OBJC_MSGSEND = YES;
				ENABLE_TESTABILITY = YES;
				GCC_C_LANGUAGE_STANDARD = gnu99;
				GCC_DYNAMIC_NO_PIC = NO;
				GCC_NO_COMMON_BLOCKS = YES;
				GCC_OPTIMIZATION_LEVEL = 0;
				GCC_PREPROCESSOR_DEFINITIONS = (
					"DEBUG=1",
					"$(inherited)",
				);
				GCC_WARN_64_TO_32_BIT_CONVERSION = YES;
				GCC_WARN_ABOUT_RETURN_TYPE = YES_ERROR;
				GCC_WARN_UNDECLARED_SELECTOR = YES;
				GCC_WARN_UNINITIALIZED_AUTOS = YES_AGGRESSIVE;
				GCC_WARN_UNUSED_FUNCTION = YES;
				GCC_WARN_UNUSED_VARIABLE = YES;
				IPHONEOS_DEPLOYMENT_TARGET = 9.2;
				MTL_ENABLE_DEBUG_INFO = YES;
				ONLY_ACTIVE_ARCH = YES;
				SDKROOT = iphoneos;
				SWIFT_OPTIMIZATION_LEVEL = "-Onone";
				TARGETED_DEVICE_FAMILY = "1,2";
			};
			name = Debug;
		};
		A26C7A451CB81783004192D9 /* Release */ = {
			isa = XCBuildConfiguration;
			buildSettings = {
				ALWAYS_SEARCH_USER_PATHS = NO;
				CLANG_CXX_LANGUAGE_STANDARD = "gnu++0x";
				CLANG_CXX_LIBRARY = "libc++";
				CLANG_ENABLE_MODULES = YES;
				CLANG_ENABLE_OBJC_ARC = YES;
				CLANG_WARN_BOOL_CONVERSION = YES;
				CLANG_WARN_CONSTANT_CONVERSION = YES;
				CLANG_WARN_DIRECT_OBJC_ISA_USAGE = YES_ERROR;
				CLANG_WARN_EMPTY_BODY = YES;
				CLANG_WARN_ENUM_CONVERSION = YES;
				CLANG_WARN_INFINITE_RECURSION = YES;
				CLANG_WARN_INT_CONVERSION = YES;
				CLANG_WARN_OBJC_ROOT_CLASS = YES_ERROR;
				CLANG_WARN_SUSPICIOUS_MOVE = YES;
				CLANG_WARN_UNREACHABLE_CODE = YES;
				CLANG_WARN__DUPLICATE_METHOD_MATCH = YES;
				"CODE_SIGN_IDENTITY[sdk=iphoneos*]" = "iPhone Developer";
				COPY_PHASE_STRIP = NO;
				DEBUG_INFORMATION_FORMAT = "dwarf-with-dsym";
				ENABLE_NS_ASSERTIONS = NO;
				ENABLE_STRICT_OBJC_MSGSEND = YES;
				GCC_C_LANGUAGE_STANDARD = gnu99;
				GCC_NO_COMMON_BLOCKS = YES;
				GCC_WARN_64_TO_32_BIT_CONVERSION = YES;
				GCC_WARN_ABOUT_RETURN_TYPE = YES_ERROR;
				GCC_WARN_UNDECLARED_SELECTOR = YES;
				GCC_WARN_UNINITIALIZED_AUTOS = YES_AGGRESSIVE;
				GCC_WARN_UNUSED_FUNCTION = YES;
				GCC_WARN_UNUSED_VARIABLE = YES;
				IPHONEOS_DEPLOYMENT_TARGET = 9.2;
				MTL_ENABLE_DEBUG_INFO = NO;
				SDKROOT = iphoneos;
				SWIFT_OPTIMIZATION_LEVEL = "-Owholemodule";
				TARGETED_DEVICE_FAMILY = "1,2";
				VALIDATE_PRODUCT = YES;
			};
			name = Release;
		};
		A26C7A471CB81783004192D9 /* Debug */ = {
			isa = XCBuildConfiguration;
			baseConfigurationReference = D8F6D9B57AE33CD4E0C9724A /* Pods-OkDataSourcesExample.debug.xcconfig */;
			buildSettings = {
				ALWAYS_EMBED_SWIFT_STANDARD_LIBRARIES = YES;
				ASSETCATALOG_COMPILER_APPICON_NAME = AppIcon;
				INFOPLIST_FILE = OkDataSourcesExample/Info.plist;
				LD_RUNPATH_SEARCH_PATHS = "$(inherited) @executable_path/Frameworks";
				PRODUCT_BUNDLE_IDENTIFIER = com.fuckboilerplate.OkDataSourcesExample;
				PRODUCT_NAME = "$(TARGET_NAME)";
				SWIFT_VERSION = 3.0;
			};
			name = Debug;
		};
		A26C7A481CB81783004192D9 /* Release */ = {
			isa = XCBuildConfiguration;
			baseConfigurationReference = 660204F858FA3CF45C6AABFE /* Pods-OkDataSourcesExample.release.xcconfig */;
			buildSettings = {
				ALWAYS_EMBED_SWIFT_STANDARD_LIBRARIES = YES;
				ASSETCATALOG_COMPILER_APPICON_NAME = AppIcon;
				INFOPLIST_FILE = OkDataSourcesExample/Info.plist;
				LD_RUNPATH_SEARCH_PATHS = "$(inherited) @executable_path/Frameworks";
				PRODUCT_BUNDLE_IDENTIFIER = com.fuckboilerplate.OkDataSourcesExample;
				PRODUCT_NAME = "$(TARGET_NAME)";
				SWIFT_VERSION = 3.0;
			};
			name = Release;
		};
		A26C7A4A1CB81783004192D9 /* Debug */ = {
			isa = XCBuildConfiguration;
			buildSettings = {
				BUNDLE_LOADER = "$(TEST_HOST)";
				INFOPLIST_FILE = OkDataSourcesExampleTests/Info.plist;
				LD_RUNPATH_SEARCH_PATHS = "$(inherited) @executable_path/Frameworks @loader_path/Frameworks";
				PRODUCT_BUNDLE_IDENTIFIER = com.fuckboilerplate.OkDataSourcesExampleTests;
				PRODUCT_NAME = "$(TARGET_NAME)";
				SWIFT_VERSION = 3.0;
				TEST_HOST = "$(BUILT_PRODUCTS_DIR)/OkDataSourcesExample.app/OkDataSourcesExample";
			};
			name = Debug;
		};
		A26C7A4B1CB81783004192D9 /* Release */ = {
			isa = XCBuildConfiguration;
			buildSettings = {
				BUNDLE_LOADER = "$(TEST_HOST)";
				INFOPLIST_FILE = OkDataSourcesExampleTests/Info.plist;
				LD_RUNPATH_SEARCH_PATHS = "$(inherited) @executable_path/Frameworks @loader_path/Frameworks";
				PRODUCT_BUNDLE_IDENTIFIER = com.fuckboilerplate.OkDataSourcesExampleTests;
				PRODUCT_NAME = "$(TARGET_NAME)";
				SWIFT_VERSION = 3.0;
				TEST_HOST = "$(BUILT_PRODUCTS_DIR)/OkDataSourcesExample.app/OkDataSourcesExample";
			};
			name = Release;
		};
		A26C7A4D1CB81783004192D9 /* Debug */ = {
			isa = XCBuildConfiguration;
			buildSettings = {
				INFOPLIST_FILE = OkDataSourcesExampleUITests/Info.plist;
				LD_RUNPATH_SEARCH_PATHS = "$(inherited) @executable_path/Frameworks @loader_path/Frameworks";
				PRODUCT_BUNDLE_IDENTIFIER = com.fuckboilerplate.OkDataSourcesExampleUITests;
				PRODUCT_NAME = "$(TARGET_NAME)";
				SWIFT_VERSION = 3.0;
				TEST_TARGET_NAME = OkDataSourcesExample;
				USES_XCTRUNNER = YES;
			};
			name = Debug;
		};
		A26C7A4E1CB81783004192D9 /* Release */ = {
			isa = XCBuildConfiguration;
			buildSettings = {
				INFOPLIST_FILE = OkDataSourcesExampleUITests/Info.plist;
				LD_RUNPATH_SEARCH_PATHS = "$(inherited) @executable_path/Frameworks @loader_path/Frameworks";
				PRODUCT_BUNDLE_IDENTIFIER = com.fuckboilerplate.OkDataSourcesExampleUITests;
				PRODUCT_NAME = "$(TARGET_NAME)";
				SWIFT_VERSION = 3.0;
				TEST_TARGET_NAME = OkDataSourcesExample;
				USES_XCTRUNNER = YES;
			};
			name = Release;
		};
/* End XCBuildConfiguration section */

/* Begin XCConfigurationList section */
		A26C7A191CB81783004192D9 /* Build configuration list for PBXProject "OkDataSourcesExample" */ = {
			isa = XCConfigurationList;
			buildConfigurations = (
				A26C7A441CB81783004192D9 /* Debug */,
				A26C7A451CB81783004192D9 /* Release */,
			);
			defaultConfigurationIsVisible = 0;
			defaultConfigurationName = Release;
		};
		A26C7A461CB81783004192D9 /* Build configuration list for PBXNativeTarget "OkDataSourcesExample" */ = {
			isa = XCConfigurationList;
			buildConfigurations = (
				A26C7A471CB81783004192D9 /* Debug */,
				A26C7A481CB81783004192D9 /* Release */,
			);
			defaultConfigurationIsVisible = 0;
			defaultConfigurationName = Release;
		};
		A26C7A491CB81783004192D9 /* Build configuration list for PBXNativeTarget "OkDataSourcesExampleTests" */ = {
			isa = XCConfigurationList;
			buildConfigurations = (
				A26C7A4A1CB81783004192D9 /* Debug */,
				A26C7A4B1CB81783004192D9 /* Release */,
			);
			defaultConfigurationIsVisible = 0;
			defaultConfigurationName = Release;
		};
		A26C7A4C1CB81783004192D9 /* Build configuration list for PBXNativeTarget "OkDataSourcesExampleUITests" */ = {
			isa = XCConfigurationList;
			buildConfigurations = (
				A26C7A4D1CB81783004192D9 /* Debug */,
				A26C7A4E1CB81783004192D9 /* Release */,
			);
			defaultConfigurationIsVisible = 0;
			defaultConfigurationName = Release;
		};
/* End XCConfigurationList section */
	};
	rootObject = A26C7A161CB81783004192D9 /* Project object */;
}
